Microsoft Visual Studio Solution File, Format Version 12.00
# Visual Studio Version 17
VisualStudioVersion = 17.5.2.0
MinimumVisualStudioVersion = 10.0.40219.1
Project("{2150E333-8FDC-42A3-9474-1A3956D46DE8}") = "lab2-s3-dotnet", "lab2-s3-dotnet", "{E8F22D52-5D50-EEF3-31F5-4AF8DEEAAE4B}"
EndProject
Project("{FAE04EC0-301F-11D3-BF4B-00C04F79EFBC}") = "S3Lab", "lab2-s3-dotnet\S3Lab.csproj", "{51231553-4ACD-A7F5-0732-B75B74FD4852}"
EndProject
Global
	GlobalSection(SolutionConfigurationPlatforms) = preSolution
		Debug|Any CPU = Debug|Any CPU
		Release|Any CPU = Release|Any CPU
	EndGlobalSection
	GlobalSection(ProjectConfigurationPlatforms) = postSolution
		{51231553-4ACD-A7F5-0732-B75B74FD4852}.Debug|Any CPU.ActiveCfg = Debug|Any CPU
		{51231553-4ACD-A7F5-0732-B75B74FD4852}.Debug|Any CPU.Build.0 = Debug|Any CPU
		{51231553-4ACD-A7F5-0732-B75B74FD4852}.Release|Any CPU.ActiveCfg = Release|Any CPU
		{51231553-4ACD-A7F5-0732-B75B74FD4852}.Release|Any CPU.Build.0 = Release|Any CPU
	EndGlobalSection
	GlobalSection(SolutionProperties) = preSolution
		HideSolutionNode = FALSE
	EndGlobalSection
	GlobalSection(NestedProjects) = preSolution
		{51231553-4ACD-A7F5-0732-B75B74FD4852} = {E8F22D52-5D50-EEF3-31F5-4AF8DEEAAE4B}
	EndGlobalSection
	GlobalSection(ExtensibilityGlobals) = postSolution
		SolutionGuid = {58192187-5B81-4AC3-A0B5-818242E9BC85}
	EndGlobalSection
EndGlobal
